
Microsoft Visual Studio Solution File, Format Version 12.00
# Visual Studio Version 17
VisualStudioVersion = 17.5.33627.172
MinimumVisualStudioVersion = 10.0.40219.1
Project("{8BC9CEB8-8B4A-11D0-8D11-00A0C91BC942}") = "Labirinth_deep_finding", "Labirinth_deep_finding.vcxproj", "{73254B56-8FD9-48D2-BF49-139C61095CB2}"
EndProject
Global
	GlobalSection(SolutionConfigurationPlatforms) = preSolution
		Debug|x64 = Debug|x64
		Debug|x86 = Debug|x86
		Release|x64 = Release|x64
		Release|x86 = Release|x86
	EndGlobalSection
	GlobalSection(ProjectConfigurationPlatforms) = postSolution
		{73254B56-8FD9-48D2-BF49-139C61095CB2}.Debug|x64.ActiveCfg = Debug|x64
		{73254B56-8FD9-48D2-BF49-139C61095CB2}.Debug|x64.Build.0 = Debug|x64
		{73254B56-8FD9-48D2-BF49-139C61095CB2}.Debug|x86.ActiveCfg = Debug|Win32
		{73254B56-8FD9-48D2-BF49-139C61095CB2}.Debug|x86.Build.0 = Debug|Win32
		{73254B56-8FD9-48D2-BF49-139C61095CB2}.Release|x64.ActiveCfg = Release|x64
		{73254B56-8FD9-48D2-BF49-139C61095CB2}.Release|x64.Build.0 = Release|x64
		{73254B56-8FD9-48D2-BF49-139C61095CB2}.Release|x86.ActiveCfg = Release|Win32
		{73254B56-8FD9-48D2-BF49-139C61095CB2}.Release|x86.Build.0 = Release|Win32
	EndGlobalSection
	GlobalSection(SolutionProperties) = preSolution
		HideSolutionNode = FALSE
	EndGlobalSection
	GlobalSection(ExtensibilityGlobals) = postSolution
		SolutionGuid = {179BC5C1-B52E-48E9-9701-133DD04229E7}
	EndGlobalSection
EndGlobal
